
Microsoft Visual Studio Solution File, Format Version 12.00
# Visual Studio Version 17
VisualStudioVersion = 17.0.31903.59
MinimumVisualStudioVersion = 10.0.40219.1
Project("{2150E333-8FDC-42A3-9474-1A3956D46DE8}") = "src", "src", "{827E0CD3-B72D-47B6-A68D-7590B98EB39B}"
EndProject
Project("{FAE04EC0-301F-11D3-BF4B-00C04F79EFBC}") = "GpuPreferenceManager.Core", "src\GpuPreferenceManager.Core\GpuPreferenceManager.Core.csproj", "{12E934E2-2C79-4049-A5A2-BB3C5F1124C5}"
EndProject
Project("{FAE04EC0-301F-11D3-BF4B-00C04F79EFBC}") = "GpuPreferenceManager.Windows", "src\GpuPreferenceManager.Windows\GpuPreferenceManager.Windows.csproj", "{0687ABC2-4B72-4A21-8F91-0EBFCE475AF2}"
EndProject
Project("{FAE04EC0-301F-11D3-BF4B-00C04F79EFBC}") = "GpuPreferenceManager.App", "src\GpuPreferenceManager.App\GpuPreferenceManager.App.csproj", "{F0489564-9908-4B1D-BB04-07B543F96CCE}"
EndProject
Project("{2150E333-8FDC-42A3-9474-1A3956D46DE8}") = "tools", "tools", "{07C2787E-EAC7-C090-1BA3-A61EC2A24D84}"
EndProject
Project("{FAE04EC0-301F-11D3-BF4B-00C04F79EFBC}") = "GpuProbe", "tools\GpuProbe\GpuProbe.csproj", "{1C04D554-1477-47E4-9A23-8516C539AA3B}"
EndProject
Project("{2150E333-8FDC-42A3-9474-1A3956D46DE8}") = "tests", "tests", "{0AB3BF05-4346-4AA6-1389-037BE0695223}"
EndProject
Project("{FAE04EC0-301F-11D3-BF4B-00C04F79EFBC}") = "GpuPreferenceManager.Core.Tests", "tests\GpuPreferenceManager.Core.Tests\GpuPreferenceManager.Core.Tests.csproj", "{F0ACB423-8478-4671-85CC-FB45A209471C}"
EndProject
Project("{FAE04EC0-301F-11D3-BF4B-00C04F79EFBC}") = "GpuPreferenceManager.Windows.Tests", "tests\GpuPreferenceManager.Windows.Tests\GpuPreferenceManager.Windows.Tests.csproj", "{28004690-0E84-475D-B4E4-608F1733D754}"
EndProject
Project("{FAE04EC0-301F-11D3-BF4B-00C04F79EFBC}") = "GpuPreferenceManager.IntegrationTests", "tests\GpuPreferenceManager.IntegrationTests\GpuPreferenceManager.IntegrationTests.csproj", "{2610958D-8256-4E3D-8247-5C1CFC8175BF}"
EndProject
Project("{FAE04EC0-301F-11D3-BF4B-00C04F79EFBC}") = "GpuPreferenceManager.App.Tests", "tests\GpuPreferenceManager.App.Tests\GpuPreferenceManager.App.Tests.csproj", "{735B34EC-2252-4F25-B101-C7C270FD58CB}"
EndProject
Global
	GlobalSection(SolutionConfigurationPlatforms) = preSolution
		Debug|Any CPU = Debug|Any CPU
		Debug|x64 = Debug|x64
		Debug|x86 = Debug|x86
		Release|Any CPU = Release|Any CPU
		Release|x64 = Release|x64
		Release|x86 = Release|x86
	EndGlobalSection
	GlobalSection(ProjectConfigurationPlatforms) = postSolution
		{12E934E2-2C79-4049-A5A2-BB3C5F1124C5}.Debug|Any CPU.ActiveCfg = Debug|Any CPU
		{12E934E2-2C79-4049-A5A2-BB3C5F1124C5}.Debug|Any CPU.Build.0 = Debug|Any CPU
		{12E934E2-2C79-4049-A5A2-BB3C5F1124C5}.Debug|x64.ActiveCfg = Debug|Any CPU
		{12E934E2-2C79-4049-A5A2-BB3C5F1124C5}.Debug|x64.Build.0 = Debug|Any CPU
		{12E934E2-2C79-4049-A5A2-BB3C5F1124C5}.Debug|x86.ActiveCfg = Debug|Any CPU
		{12E934E2-2C79-4049-A5A2-BB3C5F1124C5}.Debug|x86.Build.0 = Debug|Any CPU
		{12E934E2-2C79-4049-A5A2-BB3C5F1124C5}.Release|Any CPU.ActiveCfg = Release|Any CPU
		{12E934E2-2C79-4049-A5A2-BB3C5F1124C5}.Release|Any CPU.Build.0 = Release|Any CPU
		{12E934E2-2C79-4049-A5A2-BB3C5F1124C5}.Release|x64.ActiveCfg = Release|Any CPU
		{12E934E2-2C79-4049-A5A2-BB3C5F1124C5}.Release|x64.Build.0 = Release|Any CPU
		{12E934E2-2C79-4049-A5A2-BB3C5F1124C5}.Release|x86.ActiveCfg = Release|Any CPU
		{12E934E2-2C79-4049-A5A2-BB3C5F1124C5}.Release|x86.Build.0 = Release|Any CPU
		{0687ABC2-4B72-4A21-8F91-0EBFCE475AF2}.Debug|Any CPU.ActiveCfg = Debug|Any CPU
		{0687ABC2-4B72-4A21-8F91-0EBFCE475AF2}.Debug|Any CPU.Build.0 = Debug|Any CPU
		{0687ABC2-4B72-4A21-8F91-0EBFCE475AF2}.Debug|x64.ActiveCfg = Debug|Any CPU
		{0687ABC2-4B72-4A21-8F91-0EBFCE475AF2}.Debug|x64.Build.0 = Debug|Any CPU
		{0687ABC2-4B72-4A21-8F91-0EBFCE475AF2}.Debug|x86.ActiveCfg = Debug|Any CPU
		{0687ABC2-4B72-4A21-8F91-0EBFCE475AF2}.Debug|x86.Build.0 = Debug|Any CPU
		{0687ABC2-4B72-4A21-8F91-0EBFCE475AF2}.Release|Any CPU.ActiveCfg = Release|Any CPU
		{0687ABC2-4B72-4A21-8F91-0EBFCE475AF2}.Release|Any CPU.Build.0 = Release|Any CPU
		{0687ABC2-4B72-4A21-8F91-0EBFCE475AF2}.Release|x64.ActiveCfg = Release|Any CPU
		{0687ABC2-4B72-4A21-8F91-0EBFCE475AF2}.Release|x64.Build.0 = Release|Any CPU
		{0687ABC2-4B72-4A21-8F91-0EBFCE475AF2}.Release|x86.ActiveCfg = Release|Any CPU
		{0687ABC2-4B72-4A21-8F91-0EBFCE475AF2}.Release|x86.Build.0 = Release|Any CPU
		{F0489564-9908-4B1D-BB04-07B543F96CCE}.Debug|Any CPU.ActiveCfg = Debug|Any CPU
		{F0489564-9908-4B1D-BB04-07B543F96CCE}.Debug|Any CPU.Build.0 = Debug|Any CPU
		{F0489564-9908-4B1D-BB04-07B543F96CCE}.Debug|x64.ActiveCfg = Debug|Any CPU
		{F0489564-9908-4B1D-BB04-07B543F96CCE}.Debug|x64.Build.0 = Debug|Any CPU
		{F0489564-9908-4B1D-BB04-07B543F96CCE}.Debug|x86.ActiveCfg = Debug|Any CPU
		{F0489564-9908-4B1D-BB04-07B543F96CCE}.Debug|x86.Build.0 = Debug|Any CPU
		{F0489564-9908-4B1D-BB04-07B543F96CCE}.Release|Any CPU.ActiveCfg = Release|Any CPU
		{F0489564-9908-4B1D-BB04-07B543F96CCE}.Release|Any CPU.Build.0 = Release|Any CPU
		{F0489564-9908-4B1D-BB04-07B543F96CCE}.Release|x64.ActiveCfg = Release|Any CPU
		{F0489564-9908-4B1D-BB04-07B543F96CCE}.Release|x64.Build.0 = Release|Any CPU
		{F0489564-9908-4B1D-BB04-07B543F96CCE}.Release|x86.ActiveCfg = Release|Any CPU
		{F0489564-9908-4B1D-BB04-07B543F96CCE}.Release|x86.Build.0 = Release|Any CPU
		{1C04D554-1477-47E4-9A23-8516C539AA3B}.Debug|Any CPU.ActiveCfg = Debug|Any CPU
		{1C04D554-1477-47E4-9A23-8516C539AA3B}.Debug|Any CPU.Build.0 = Debug|Any CPU
		{1C04D554-1477-47E4-9A23-8516C539AA3B}.Debug|x64.ActiveCfg = Debug|Any CPU
		{1C04D554-1477-47E4-9A23-8516C539AA3B}.Debug|x64.Build.0 = Debug|Any CPU
		{1C04D554-1477-47E4-9A23-8516C539AA3B}.Debug|x86.ActiveCfg = Debug|Any CPU
		{1C04D554-1477-47E4-9A23-8516C539AA3B}.Debug|x86.Build.0 = Debug|Any CPU
		{1C04D554-1477-47E4-9A23-8516C539AA3B}.Release|Any CPU.ActiveCfg = Release|Any CPU
		{1C04D554-1477-47E4-9A23-8516C539AA3B}.Release|Any CPU.Build.0 = Release|Any CPU
		{1C04D554-1477-47E4-9A23-8516C539AA3B}.Release|x64.ActiveCfg = Release|Any CPU
		{1C04D554-1477-47E4-9A23-8516C539AA3B}.Release|x64.Build.0 = Release|Any CPU
		{1C04D554-1477-47E4-9A23-8516C539AA3B}.Release|x86.ActiveCfg = Release|Any CPU
		{1C04D554-1477-47E4-9A23-8516C539AA3B}.Release|x86.Build.0 = Release|Any CPU
		{F0ACB423-8478-4671-85CC-FB45A209471C}.Debug|Any CPU.ActiveCfg = Debug|Any CPU
		{F0ACB423-8478-4671-85CC-FB45A209471C}.Debug|Any CPU.Build.0 = Debug|Any CPU
		{F0ACB423-8478-4671-85CC-FB45A209471C}.Debug|x64.ActiveCfg = Debug|Any CPU
		{F0ACB423-8478-4671-85CC-FB45A209471C}.Debug|x64.Build.0 = Debug|Any CPU
		{F0ACB423-8478-4671-85CC-FB45A209471C}.Debug|x86.ActiveCfg = Debug|Any CPU
		{F0ACB423-8478-4671-85CC-FB45A209471C}.Debug|x86.Build.0 = Debug|Any CPU
		{F0ACB423-8478-4671-85CC-FB45A209471C}.Release|Any CPU.ActiveCfg = Release|Any CPU
		{F0ACB423-8478-4671-85CC-FB45A209471C}.Release|Any CPU.Build.0 = Release|Any CPU
		{F0ACB423-8478-4671-85CC-FB45A209471C}.Release|x64.ActiveCfg = Release|Any CPU
		{F0ACB423-8478-4671-85CC-FB45A209471C}.Release|x64.Build.0 = Release|Any CPU
		{F0ACB423-8478-4671-85CC-FB45A209471C}.Release|x86.ActiveCfg = Release|Any CPU
		{F0ACB423-8478-4671-85CC-FB45A209471C}.Release|x86.Build.0 = Release|Any CPU
		{28004690-0E84-475D-B4E4-608F1733D754}.Debug|Any CPU.ActiveCfg = Debug|Any CPU
		{28004690-0E84-475D-B4E4-608F1733D754}.Debug|Any CPU.Build.0 = Debug|Any CPU
		{28004690-0E84-475D-B4E4-608F1733D754}.Debug|x64.ActiveCfg = Debug|Any CPU
		{28004690-0E84-475D-B4E4-608F1733D754}.Debug|x64.Build.0 = Debug|Any CPU
		{28004690-0E84-475D-B4E4-608F1733D754}.Debug|x86.ActiveCfg = Debug|Any CPU
		{28004690-0E84-475D-B4E4-608F1733D754}.Debug|x86.Build.0 = Debug|Any CPU
		{28004690-0E84-475D-B4E4-608F1733D754}.Release|Any CPU.ActiveCfg = Release|Any CPU
		{28004690-0E84-475D-B4E4-608F1733D754}.Release|Any CPU.Build.0 = Release|Any CPU
		{28004690-0E84-475D-B4E4-608F1733D754}.Release|x64.ActiveCfg = Release|Any CPU
		{28004690-0E84-475D-B4E4-608F1733D754}.Release|x64.Build.0 = Release|Any CPU
		{28004690-0E84-475D-B4E4-608F1733D754}.Release|x86.ActiveCfg = Release|Any CPU
		{28004690-0E84-475D-B4E4-608F1733D754}.Release|x86.Build.0 = Release|Any CPU
		{2610958D-8256-4E3D-8247-5C1CFC8175BF}.Debug|Any CPU.ActiveCfg = Debug|Any CPU
		{2610958D-8256-4E3D-8247-5C1CFC8175BF}.Debug|Any CPU.Build.0 = Debug|Any CPU
		{2610958D-8256-4E3D-8247-5C1CFC8175BF}.Debug|x64.ActiveCfg = Debug|Any CPU
		{2610958D-8256-4E3D-8247-5C1CFC8175BF}.Debug|x64.Build.0 = Debug|Any CPU
		{2610958D-8256-4E3D-8247-5C1CFC8175BF}.Debug|x86.ActiveCfg = Debug|Any CPU
		{2610958D-8256-4E3D-8247-5C1CFC8175BF}.Debug|x86.Build.0 = Debug|Any CPU
		{2610958D-8256-4E3D-8247-5C1CFC8175BF}.Release|Any CPU.ActiveCfg = Release|Any CPU
		{2610958D-8256-4E3D-8247-5C1CFC8175BF}.Release|Any CPU.Build.0 = Release|Any CPU
		{2610958D-8256-4E3D-8247-5C1CFC8175BF}.Release|x64.ActiveCfg = Release|Any CPU
		{2610958D-8256-4E3D-8247-5C1CFC8175BF}.Release|x64.Build.0 = Release|Any CPU
		{2610958D-8256-4E3D-8247-5C1CFC8175BF}.Release|x86.ActiveCfg = Release|Any CPU
		{2610958D-8256-4E3D-8247-5C1CFC8175BF}.Release|x86.Build.0 = Release|Any CPU
		{735B34EC-2252-4F25-B101-C7C270FD58CB}.Debug|Any CPU.ActiveCfg = Debug|Any CPU
		{735B34EC-2252-4F25-B101-C7C270FD58CB}.Debug|Any CPU.Build.0 = Debug|Any CPU
		{735B34EC-2252-4F25-B101-C7C270FD58CB}.Debug|x64.ActiveCfg = Debug|Any CPU
		{735B34EC-2252-4F25-B101-C7C270FD58CB}.Debug|x64.Build.0 = Debug|Any CPU
		{735B34EC-2252-4F25-B101-C7C270FD58CB}.Debug|x86.ActiveCfg = Debug|Any CPU
		{735B34EC-2252-4F25-B101-C7C270FD58CB}.Debug|x86.Build.0 = Debug|Any CPU
		{735B34EC-2252-4F25-B101-C7C270FD58CB}.Release|Any CPU.ActiveCfg = Release|Any CPU
		{735B34EC-2252-4F25-B101-C7C270FD58CB}.Release|Any CPU.Build.0 = Release|Any CPU
		{735B34EC-2252-4F25-B101-C7C270FD58CB}.Release|x64.ActiveCfg = Release|Any CPU
		{735B34EC-2252-4F25-B101-C7C270FD58CB}.Release|x64.Build.0 = Release|Any CPU
		{735B34EC-2252-4F25-B101-C7C270FD58CB}.Release|x86.ActiveCfg = Release|Any CPU
		{735B34EC-2252-4F25-B101-C7C270FD58CB}.Release|x86.Build.0 = Release|Any CPU
	EndGlobalSection
	GlobalSection(SolutionProperties) = preSolution
		HideSolutionNode = FALSE
	EndGlobalSection
	GlobalSection(NestedProjects) = preSolution
		{12E934E2-2C79-4049-A5A2-BB3C5F1124C5} = {827E0CD3-B72D-47B6-A68D-7590B98EB39B}
		{0687ABC2-4B72-4A21-8F91-0EBFCE475AF2} = {827E0CD3-B72D-47B6-A68D-7590B98EB39B}
		{F0489564-9908-4B1D-BB04-07B543F96CCE} = {827E0CD3-B72D-47B6-A68D-7590B98EB39B}
		{1C04D554-1477-47E4-9A23-8516C539AA3B} = {07C2787E-EAC7-C090-1BA3-A61EC2A24D84}
		{F0ACB423-8478-4671-85CC-FB45A209471C} = {0AB3BF05-4346-4AA6-1389-037BE0695223}
		{28004690-0E84-475D-B4E4-608F1733D754} = {0AB3BF05-4346-4AA6-1389-037BE0695223}
		{2610958D-8256-4E3D-8247-5C1CFC8175BF} = {0AB3BF05-4346-4AA6-1389-037BE0695223}
		{735B34EC-2252-4F25-B101-C7C270FD58CB} = {0AB3BF05-4346-4AA6-1389-037BE0695223}
	EndGlobalSection
EndGlobal
